{
  "requires": true,
  "lockfileVersion": 1,
  "dependencies": {
    "ola-fliter": {
      "version": "0.0.1",
      "resolved": "https://nexus.olafuwu.com/repository/npm-oleyc/ola-fliter/-/ola-fliter-0.0.1.tgz",
      "integrity": "sha512-PN0vzG5+EFhw3YU1ZQFu2J/kuMqhD7Uusj+phahY/u8WwtglAgUUX6hVr1ekB60yK7s5Q6rBNpvdO13cm9MMeQ=="
    }
  }
}
